File.Version=1.2.1
ProjectManager.ProjectBuildStructrure=STM32CubeIDE-1.0.0
ProjectManager.ProjectName=Real_motor_read_hall
ProjectManager.ProjectStructure=
ProjectManager.ToolChainId=STM32CubeIDE
ProjectManager.AskForMigrate=true
ProjectManager.BackupPrev498ion=false
ProjectManager.CompilerOptimize=6
ProjectManager.ComputerToolchain=false
ProjectManager.CoupleFile=false
ProjectManager.CustomerFirmwarePackage=
ProjectManager.DefaultFWLocation=true
ProjectManager.DeletePrevGen=true
ProjectManager.DeviceId=STM32G491RETx
ProjectManager.FirmwareVersion=1.11.2
ProjectManager.FreePins=false
ProjectManager.HalAssertFull=false
ProjectManager.HeapSize=0x2000
ProjectManager.KeepUserCode=true
ProjectManager.LastFirmware=true
ProjectManager.LibraryCopy=1
ProjectManager.MainLocation=Core/Src
ProjectManager.NoMain=false
ProjectManager.PreviousToolchain=
ProjectManager.ProjectFileName=Real_motor_read_hall.ioc
ProjectManager.ProjectIsTrustZoneDisabled=true
ProjectManager.ProjectMode=FullTrustZone
ProjectManager.RegisterCallBack=
ProjectManager.StackSize=0x400
ProjectManager.TargetToolchain=STM32CubeIDE
ProjectManager.UnderRoot=false
ProjectManager.functionlistsort=1-SystemClock_Config-RCC-false-HAL-false
ProjectManager.hardwareContext=
Mcu.Family=STM32G4
Mcu.IP0=NVIC
Mcu.IP1=RCC
Mcu.IP2=USART1
Mcu.IP3=LPUART
Mcu.IP4=DMA1
Mcu.IP5=GPIO
Mcu.IP6=SYS
Mcu.IPNb=7
Mcu.Name=STM32G491RETx
Mcu.Package=LQFP64
Mcu.PinsNb=25
Mcu.ThirdPartyNb=0
Mcu.UserConstants=
Mcu.CPN=STM32G491RETx
Mcu.Revision=
Mcu.RAMSize=128
Mcu.FlashSize=512
Mcu.PackageJson=
Mcu.Pin0=PC13
Mcu.Pin0.Mode=GPIO_Output
Mcu.Pin0.Signal=GPIO_Output
Mcu.Pin1=PC14-OSC32_IN
Mcu.Pin1.Mode=GPIO_Output
Mcu.Pin1.Signal=PC14
Mcu.Pin2=PC15-OSC32_OUT
Mcu.Pin2.Mode=GPIO_Output
Mcu.Pin2.Signal=PC15
Mcu.Pin3=PH0-OSC_IN
Mcu.Pin3.Mode=HSE-External-Oscillator
Mcu.Pin3.Signal=PH0-OSC_IN
Mcu.Pin4=PH1-OSC_OUT
Mcu.Pin4.Mode=HSE-External-Oscillator
Mcu.Pin4.Signal=PH1-OSC_OUT
Mcu.Pin5=PA0
Mcu.Pin5.Mode=GPIO_Output
Mcu.Pin5.Signal=PA0
Mcu.Pin6=PA1
Mcu.Pin6.Mode=GPIO_Output
Mcu.Pin6.Signal=PA1
Mcu.Pin7=PA2
Mcu.Pin7.Mode=Asynchronous
Mcu.Pin7.Signal=LPUART1_TX
Mcu.Pin8=PA3
Mcu.Pin8.Mode=Asynchronous
Mcu.Pin8.Signal=LPUART1_RX
Mcu.Pin9=PA4
Mcu.Pin9.Mode=GPIO_Output
Mcu.Pin9.Signal=PA4
Mcu.Pin10=PA5
Mcu.Pin10.Mode=GPIO_Output
Mcu.Pin10.Signal=GPIO_Output
Mcu.Pin11=PA6
Mcu.Pin11.Mode=GPIO_Output
Mcu.Pin11.Signal=PA6
Mcu.Pin12=PA7
Mcu.Pin12.Mode=GPIO_Output
Mcu.Pin12.Signal=PA7
Mcu.Pin13=PB0
Mcu.Pin13.Mode=GPIO_Output
Mcu.Pin13.Signal=PB0
Mcu.Pin14=PB1
Mcu.Pin14.Mode=GPIO_Output
Mcu.Pin14.Signal=PB1
Mcu.Pin15=PC4
Mcu.Pin15.Mode=Asynchronous
Mcu.Pin15.Signal=USART1_TX
Mcu.Pin16=PC5
Mcu.Pin16.Mode=Asynchronous
Mcu.Pin16.Signal=USART1_RX
Mcu.Pin17=PA15
Mcu.Pin17.Mode=GPIO_Output
Mcu.Pin17.Signal=PA15
Mcu.Pin18=PB3
Mcu.Pin18.Mode=GPIO_Output
Mcu.Pin18.Signal=PB3
Mcu.Pin19=PB4
Mcu.Pin19.Mode=GPIO_Output
Mcu.Pin19.Signal=PB4
Mcu.Pin20=PB5
Mcu.Pin20.Mode=GPIO_Output
Mcu.Pin20.Signal=PB5
Mcu.Pin21=PB6
Mcu.Pin21.Mode=GPIO_Output
Mcu.Pin21.Signal=PB6
Mcu.Pin22=PB7
Mcu.Pin22.Mode=GPIO_Output
Mcu.Pin22.Signal=PB7
Mcu.Pin23=PA13
Mcu.Pin23.Mode=Serial_Wire
Mcu.Pin23.Signal=SYS_JTMS-SWDIO
Mcu.Pin24=PA14
Mcu.Pin24.Mode=Serial_Wire
Mcu.Pin24.Signal=SYS_JTCK-SWCLK
Mcu.PinsSplit=1
SYS.SWDIOPinNumber=1
SYS.SWCLKPinNumber=2
RCC.HSE_VALUE=8000000
RCC.PLLMultFactor=85
RCC.PLLSourceVirtual=RCC_PLLSOURCE_HSE
RCC.PLLMDivider=2
RCC.PLLNValue=85
RCC.PLLRDivider=2
RCC.SYSCLKFreqValue=170000000
RCC.AHBFreq_Value=170000000
RCC.APB1CLKDivider=RCC_HCLK_DIV1
RCC.APB1Freq_Value=170000000
RCC.APB2Freq_Value=170000000
RCC.APB1TimFreq_Value=170000000
RCC.APB2TimFreq_Value=170000000
RCC.FCLKCortexFreq_Value=170000000
RCC.SYSCLKFreq_VALUE=170000000
RCC.HCLKFreq_Value=170000000
USART1.BaudRate=115200
USART1.WordLength=USART_WORDLENGTH_8B
USART1.StopBits=USART_STOPBITS_1
USART1.Parity=USART_PARITY_NONE
USART1.Mode=USART_MODE_TX_RX
USART1.HWFlowCtl=USART_HWCONTROL_NONE
USART1.AdvFeatureInit=USART_ADVFEATURE_NO_INIT
USART1.OverSampling=USART_OVERSAMPLING_16
USART1.Sampling=USART_ONE_BIT_SAMPLE_DISABLE
USART1.AutoBaudRate=USART_AUTOBAUDRATE_DISABLE
USART1.ClockPrescaler=USART_PRESCALER_DIV1
LPUART1.BaudRate=115200
LPUART1.WordLength=USART_WORDLENGTH_8B
LPUART1.StopBits=USART_STOPBITS_1
LPUART1.Parity=USART_PARITY_NONE
LPUART1.Mode=USART_MODE_TX_RX
LPUART1.HWFlowCtl=USART_HWCONTROL_NONE
LPUART1.AdvFeatureInit=USART_ADVFEATURE_NO_INIT
LPUART1.OverSampling=USART_OVERSAMPLING_16
LPUART1.Sampling=USART_ONE_BIT_SAMPLE_DISABLE
LPUART1.AutoBaudRate=USART_AUTOBAUDRATE_DISABLE
LPUART1.ClockPrescaler=USART_PRESCALER_DIV1
DMA1.Request=DMA1_Request0
DMA1.Channels=DMA1_CHANNEL1
NVIC.BusFault_IRQn=true\:0\:0\:false\:false\:true\:false\:false\:false
NVIC.DebugMonitor_IRQn=true\:0\:0\:false\:false\:true\:false\:false\:false
NVIC.ForceEnableDMA498=true
NVIC.NonMaskableInt_IRQn=true\:0\:0\:false\:false\:true\:false\:false\:false
NVIC.PendSV_IRQn=true\:0\:0\:false\:false\:true\:false\:false\:false
NVIC.SVC_IRQn=true\:0\:0\:false\:false\:true\:false\:false\:false
NVIC.SysTick_IRQn=true\:4\:4\:false\:false\:true\:true\:true\:false
NVIC.USART1_IRQn=true\:0\:0\:true\:false\:true\:false\:false\:false
NVIC.LPUART1_IRQn=true\:0\:0\:true\:false\:true\:false\:false\:false
DMA1.Channel1.Request=USART1_RX
DMA1.Channel1.Direction=PERIPH_TO_MEMORY
DMA1.Channel1.Mode=Normal
DMA1.Channel1.PeriphInc=Disable
DMA1.Channel1.MemInc=Enable
DMA1.Channel1.PeriphDataAlignment=BYTE
DMA1.Channel1.MemDataAlignment=BYTE
DMA1.Channel1.Priority=Low
DMA1.Channel1.FIFOMode=Disable
DMA1.Channel1.MemBurst=SINGLE
DMA1.Channel1.PeriphBurst=SINGLE
DMA1.Channel2.Request=USART1_TX
DMA1.Channel2.Direction=MEMORY_TO_PERIPH
DMA1.Channel2.Mode=Normal
DMA1.Channel2.PeriphInc=Disable
DMA1.Channel2.MemInc=Enable
DMA1.Channel2.PeriphDataAlignment=BYTE
DMA1.Channel2.MemDataAlignment=BYTE
DMA1.Channel2.Priority=Low
DMA1.Channel2.FIFOMode=Disable
DMA1.Channel2.MemBurst=SINGLE
DMA1.Channel2.PeriphBurst=SINGLE
DMA1.Channel3.Request=LPUART1_TX
DMA1.Channel3.Direction=MEMORY_TO_PERIPH
DMA1.Channel3.Mode=Normal
DMA1.Channel3.PeriphInc=Disable
DMA1.Channel3.MemInc=Enable
DMA1.Channel3.PeriphDataAlignment=BYTE
DMA1.Channel3.MemDataAlignment=BYTE
DMA1.Channel3.Priority=Low
DMA1.Channel3.FIFOMode=Disable
DMA1.Channel3.MemBurst=SINGLE
DMA1.Channel3.PeriphBurst=SINGLE
Mcu.UserName=STM32G491RETx
ProjectManager.ProjectBuildStructrure=STM32CubeIDE-1.0.0
